
Microsoft Visual Studio Solution File, Format Version 12.00
# Visual Studio 15
VisualStudioVersion = 15.0.27428.2037
MinimumVisualStudioVersion = 10.0.40219.1
Project("{FAE04EC0-301F-11D3-BF4B-00C04F79EFBC}") = "GraphLibYN_2019", "GraphLibYN_2019\GraphLibYN_2019.csproj", "{E23E6ABC-90D5-4196-932B-6DF0B305F9AC}"
EndProject
Project("{FAE04EC0-301F-11D3-BF4B-00C04F79EFBC}") = "GraphLibYN_2019_TESTS", "GraphLIbYN_2019_TESTS\GraphLibYN_2019_TESTS.csproj", "{BF9493F5-BBC3-4BDC-94B8-E03051D01F30}"
EndProject
Project("{FAE04EC0-301F-11D3-BF4B-00C04F79EFBC}") = "UtilsYN", "UtilsYN\UtilsYN.csproj", "{C4C5ADAB-38CD-41D5-9793-11EFD09189A4}"
EndProject
Project("{FAE04EC0-301F-11D3-BF4B-00C04F79EFBC}") = "UtilsYN_TESTS", "UtilsYN_TESTS\UtilsYN_TESTS.csproj", "{54DA900A-D1F3-49FB-8197-A94D21A4055C}"
EndProject
Project("{FAE04EC0-301F-11D3-BF4B-00C04F79EFBC}") = "TestDriver", "TestDriver\TestDriver.csproj", "{31B38EC8-5AEE-4EAA-9542-8FEB3F833ACC}"
EndProject
Project("{FAE04EC0-301F-11D3-BF4B-00C04F79EFBC}") = "GraphUtils", "GraphUtils\GraphUtils.csproj", "{D3231631-E85D-480B-8989-1BCA7D0F92EA}"
EndProject
Project("{FAE04EC0-301F-11D3-BF4B-00C04F79EFBC}") = "GraphUtils_TESTS", "GraphUtils_TESTS\GraphUtils_TESTS.csproj", "{BA059F51-E8A3-43AF-BCD8-DFAC53272A4A}"
EndProject
Global
	GlobalSection(SolutionConfigurationPlatforms) = preSolution
		Debug|Any CPU = Debug|Any CPU
		Release|Any CPU = Release|Any CPU
	EndGlobalSection
	GlobalSection(ProjectConfigurationPlatforms) = postSolution
		{E23E6ABC-90D5-4196-932B-6DF0B305F9AC}.Debug|Any CPU.ActiveCfg = Debug|Any CPU
		{E23E6ABC-90D5-4196-932B-6DF0B305F9AC}.Debug|Any CPU.Build.0 = Debug|Any CPU
		{E23E6ABC-90D5-4196-932B-6DF0B305F9AC}.Release|Any CPU.ActiveCfg = Release|Any CPU
		{E23E6ABC-90D5-4196-932B-6DF0B305F9AC}.Release|Any CPU.Build.0 = Release|Any CPU
		{BF9493F5-BBC3-4BDC-94B8-E03051D01F30}.Debug|Any CPU.ActiveCfg = Debug|Any CPU
		{BF9493F5-BBC3-4BDC-94B8-E03051D01F30}.Debug|Any CPU.Build.0 = Debug|Any CPU
		{BF9493F5-BBC3-4BDC-94B8-E03051D01F30}.Release|Any CPU.ActiveCfg = Release|Any CPU
		{BF9493F5-BBC3-4BDC-94B8-E03051D01F30}.Release|Any CPU.Build.0 = Release|Any CPU
		{C4C5ADAB-38CD-41D5-9793-11EFD09189A4}.Debug|Any CPU.ActiveCfg = Debug|Any CPU
		{C4C5ADAB-38CD-41D5-9793-11EFD09189A4}.Debug|Any CPU.Build.0 = Debug|Any CPU
		{C4C5ADAB-38CD-41D5-9793-11EFD09189A4}.Release|Any CPU.ActiveCfg = Release|Any CPU
		{C4C5ADAB-38CD-41D5-9793-11EFD09189A4}.Release|Any CPU.Build.0 = Release|Any CPU
		{54DA900A-D1F3-49FB-8197-A94D21A4055C}.Debug|Any CPU.ActiveCfg = Debug|Any CPU
		{54DA900A-D1F3-49FB-8197-A94D21A4055C}.Debug|Any CPU.Build.0 = Debug|Any CPU
		{54DA900A-D1F3-49FB-8197-A94D21A4055C}.Release|Any CPU.ActiveCfg = Release|Any CPU
		{54DA900A-D1F3-49FB-8197-A94D21A4055C}.Release|Any CPU.Build.0 = Release|Any CPU
		{31B38EC8-5AEE-4EAA-9542-8FEB3F833ACC}.Debug|Any CPU.ActiveCfg = Debug|Any CPU
		{31B38EC8-5AEE-4EAA-9542-8FEB3F833ACC}.Debug|Any CPU.Build.0 = Debug|Any CPU
		{31B38EC8-5AEE-4EAA-9542-8FEB3F833ACC}.Release|Any CPU.ActiveCfg = Release|Any CPU
		{31B38EC8-5AEE-4EAA-9542-8FEB3F833ACC}.Release|Any CPU.Build.0 = Release|Any CPU
		{D3231631-E85D-480B-8989-1BCA7D0F92EA}.Debug|Any CPU.ActiveCfg = Debug|Any CPU
		{D3231631-E85D-480B-8989-1BCA7D0F92EA}.Debug|Any CPU.Build.0 = Debug|Any CPU
		{D3231631-E85D-480B-8989-1BCA7D0F92EA}.Release|Any CPU.ActiveCfg = Release|Any CPU
		{D3231631-E85D-480B-8989-1BCA7D0F92EA}.Release|Any CPU.Build.0 = Release|Any CPU
		{BA059F51-E8A3-43AF-BCD8-DFAC53272A4A}.Debug|Any CPU.ActiveCfg = Debug|Any CPU
		{BA059F51-E8A3-43AF-BCD8-DFAC53272A4A}.Debug|Any CPU.Build.0 = Debug|Any CPU
		{BA059F51-E8A3-43AF-BCD8-DFAC53272A4A}.Release|Any CPU.ActiveCfg = Release|Any CPU
		{BA059F51-E8A3-43AF-BCD8-DFAC53272A4A}.Release|Any CPU.Build.0 = Release|Any CPU
	EndGlobalSection
	GlobalSection(SolutionProperties) = preSolution
		HideSolutionNode = FALSE
	EndGlobalSection
	GlobalSection(ExtensibilityGlobals) = postSolution
		SolutionGuid = {17E0C6AE-BE78-4871-A9D2-FF42B02E83E5}
	EndGlobalSection
EndGlobal
